
Microsoft Visual Studio Solution File, Format Version 12.00
# Visual Studio Version 17
VisualStudioVersion = 17.7.34009.444
MinimumVisualStudioVersion = 10.0.40219.1
Project("{8BC9CEB8-8B4A-11D0-8D11-00A0C91BC942}") = "WhatAboutSAM", "WhatAboutSAM\WhatAboutSAM.vcxproj", "{DF5586EC-0F88-4933-96EF-7087CB2F6336}"
EndProject
Project("{8BC9CEB8-8B4A-11D0-8D11-00A0C91BC942}") = "HashCalculator", "HashCalculator\HashCalculator.vcxproj", "{3AF4104C-FA66-49E5-88A9-6A52ECDC44F5}"
EndProject
Global
	GlobalSection(SolutionConfigurationPlatforms) = preSolution
		Debug|x64 = Debug|x64
		Debug|x86 = Debug|x86
		Release|x64 = Release|x64
		Release|x86 = Release|x86
	EndGlobalSection
	GlobalSection(ProjectConfigurationPlatforms) = postSolution
		{DF5586EC-0F88-4933-96EF-7087CB2F6336}.Debug|x64.ActiveCfg = Debug|x64
		{DF5586EC-0F88-4933-96EF-7087CB2F6336}.Debug|x64.Build.0 = Debug|x64
		{DF5586EC-0F88-4933-96EF-7087CB2F6336}.Debug|x86.ActiveCfg = Debug|Win32
		{DF5586EC-0F88-4933-96EF-7087CB2F6336}.Debug|x86.Build.0 = Debug|Win32
		{DF5586EC-0F88-4933-96EF-7087CB2F6336}.Release|x64.ActiveCfg = Release|x64
		{DF5586EC-0F88-4933-96EF-7087CB2F6336}.Release|x64.Build.0 = Release|x64
		{DF5586EC-0F88-4933-96EF-7087CB2F6336}.Release|x86.ActiveCfg = Release|Win32
		{DF5586EC-0F88-4933-96EF-7087CB2F6336}.Release|x86.Build.0 = Release|Win32
		{3AF4104C-FA66-49E5-88A9-6A52ECDC44F5}.Debug|x64.ActiveCfg = Debug|x64
		{3AF4104C-FA66-49E5-88A9-6A52ECDC44F5}.Debug|x64.Build.0 = Debug|x64
		{3AF4104C-FA66-49E5-88A9-6A52ECDC44F5}.Debug|x86.ActiveCfg = Debug|Win32
		{3AF4104C-FA66-49E5-88A9-6A52ECDC44F5}.Debug|x86.Build.0 = Debug|Win32
		{3AF4104C-FA66-49E5-88A9-6A52ECDC44F5}.Release|x64.ActiveCfg = Release|x64
		{3AF4104C-FA66-49E5-88A9-6A52ECDC44F5}.Release|x64.Build.0 = Release|x64
		{3AF4104C-FA66-49E5-88A9-6A52ECDC44F5}.Release|x86.ActiveCfg = Release|Win32
		{3AF4104C-FA66-49E5-88A9-6A52ECDC44F5}.Release|x86.Build.0 = Release|Win32
	EndGlobalSection
	GlobalSection(SolutionProperties) = preSolution
		HideSolutionNode = FALSE
	EndGlobalSection
	GlobalSection(ExtensibilityGlobals) = postSolution
		SolutionGuid = {812509BF-D77C-47FD-B5E0-0F0236C7E296}
	EndGlobalSection
EndGlobal
