<?xml version="1.0" encoding="utf-8"?>
<Project ToolsVersion="4.0" xmlns="http://schemas.microsoft.com/developer/msbuild/2003">
  <ItemGroup>
    <Filter Include="Source Files">
      <UniqueIdentifier>{4FC737F1-C7A5-4376-A066-2A32D752A2FF}</UniqueIdentifier>
      <Extensions>cpp;c;cc;cxx;c++;cppm;ixx;def;odl;idl;hpj;bat;asm;asmx</Extensions>
    </Filter>
    <Filter Include="Header Files">
      <UniqueIdentifier>{93995380-89BD-4b04-88EB-625FBE52EBFB}</UniqueIdentifier>
      <Extensions>h;hh;hpp;hxx;h++;hm;inl;inc;ipp;xsd</Extensions>
    </Filter>
    <Filter Include="Resource Files">
      <UniqueIdentifier>{67DA6AB6-F800-4c08-8B7A-83BB121AAD01}</UniqueIdentifier>
      <Extensions>rc;ico;cur;bmp;dlg;rc2;rct;bin;rgs;gif;jpg;jpeg;jpe;resx;tiff;tif;png;wav;mfcribbon-ms</Extensions>
    </Filter>
  </ItemGroup>
  <ItemGroup>
    <ClCompile Include="main.cpp">
      <Filter>Source Files</Filter>
    </ClCompile>
    <ClCompile Include="proxyNtCalls.h">
      <Filter>Header Files</Filter>
    </ClCompile>
  </ItemGroup>
  <ItemGroup>
    <Resource Include="res\Manifest.res">
      <Filter>Resource Files</Filter>
    </Resource>
  </ItemGroup>
  <ItemGroup>
    <ClInclude Include="main.h">
      <Filter>Header Files</Filter>
    </ClInclude>
    <ClInclude Include="ntdll.h">
      <Filter>Header Files</Filter>
    </ClInclude>
    <ClInclude Include="cryptopp\include\3way.h">
      <Filter>Header Files</Filter>
    </ClInclude>
    <ClInclude Include="cryptopp\include\adler32.h">
      <Filter>Header Files</Filter>
    </ClInclude>
    <ClInclude Include="cryptopp\include\adv_simd.h">
      <Filter>Header Files</Filter>
    </ClInclude>
    <ClInclude Include="cryptopp\include\aes.h">
      <Filter>Header Files</Filter>
    </ClInclude>
    <ClInclude Include="cryptopp\include\aes_armv4.h">
      <Filter>Header Files</Filter>
    </ClInclude>
    <ClInclude Include="cryptopp\include\algebra.h">
      <Filter>Header Files</Filter>
    </ClInclude>
    <ClInclude Include="cryptopp\include\algparam.h">
      <Filter>Header Files</Filter>
    </ClInclude>
    <ClInclude Include="cryptopp\include\allocate.h">
      <Filter>Header Files</Filter>
    </ClInclude>
    <ClInclude Include="cryptopp\include\arc4.h">
      <Filter>Header Files</Filter>
    </ClInclude>
    <ClInclude Include="cryptopp\include\argnames.h">
      <Filter>Header Files</Filter>
    </ClInclude>
    <ClInclude Include="cryptopp\include\aria.h">
      <Filter>Header Files</Filter>
    </ClInclude>
    <ClInclude Include="cryptopp\include\arm_simd.h">
      <Filter>Header Files</Filter>
    </ClInclude>
    <ClInclude Include="cryptopp\include\asn.h">
      <Filter>Header Files</Filter>
    </ClInclude>
    <ClInclude Include="cryptopp\include\authenc.h">
      <Filter>Header Files</Filter>
    </ClInclude>
    <ClInclude Include="cryptopp\include\base32.h">
      <Filter>Header Files</Filter>
    </ClInclude>
    <ClInclude Include="cryptopp\include\base64.h">
      <Filter>Header Files</Filter>
    </ClInclude>
    <ClInclude Include="cryptopp\include\basecode.h">
      <Filter>Header Files</Filter>
    </ClInclude>
    <ClInclude Include="cryptopp\include\bench.h">
      <Filter>Header Files</Filter>
    </ClInclude>
    <ClInclude Include="cryptopp\include\blake2.h">
      <Filter>Header Files</Filter>
    </ClInclude>
    <ClInclude Include="cryptopp\include\blowfish.h">
      <Filter>Header Files</Filter>
    </ClInclude>
    <ClInclude Include="cryptopp\include\blumshub.h">
      <Filter>Header Files</Filter>
    </ClInclude>
    <ClInclude Include="cryptopp\include\camellia.h">
      <Filter>Header Files</Filter>
    </ClInclude>
    <ClInclude Include="cryptopp\include\cast.h">
      <Filter>Header Files</Filter>
    </ClInclude>
    <ClInclude Include="cryptopp\include\cbcmac.h">
      <Filter>Header Files</Filter>
    </ClInclude>
    <ClInclude Include="cryptopp\include\ccm.h">
      <Filter>Header Files</Filter>
    </ClInclude>
    <ClInclude Include="cryptopp\include\chacha.h">
      <Filter>Header Files</Filter>
    </ClInclude>
    <ClInclude Include="cryptopp\include\chachapoly.h">
      <Filter>Header Files</Filter>
    </ClInclude>
    <ClInclude Include="cryptopp\include\cham.h">
      <Filter>Header Files</Filter>
    </ClInclude>
    <ClInclude Include="cryptopp\include\channels.h">
      <Filter>Header Files</Filter>
    </ClInclude>
    <ClInclude Include="cryptopp\include\cmac.h">
      <Filter>Header Files</Filter>
    </ClInclude>
    <ClInclude Include="cryptopp\include\config.h">
      <Filter>Header Files</Filter>
    </ClInclude>
    <ClInclude Include="cryptopp\include\config_align.h">
      <Filter>Header Files</Filter>
    </ClInclude>
    <ClInclude Include="cryptopp\include\config_asm.h">
      <Filter>Header Files</Filter>
    </ClInclude>
    <ClInclude Include="cryptopp\include\config_cpu.h">
      <Filter>Header Files</Filter>
    </ClInclude>
    <ClInclude Include="cryptopp\include\config_cxx.h">
      <Filter>Header Files</Filter>
    </ClInclude>
    <ClInclude Include="cryptopp\include\config_dll.h">
      <Filter>Header Files</Filter>
    </ClInclude>
    <ClInclude Include="cryptopp\include\config_int.h">
      <Filter>Header Files</Filter>
    </ClInclude>
    <ClInclude Include="cryptopp\include\config_misc.h">
      <Filter>Header Files</Filter>
    </ClInclude>
    <ClInclude Include="cryptopp\include\config_ns.h">
      <Filter>Header Files</Filter>
    </ClInclude>
    <ClInclude Include="cryptopp\include\config_os.h">
      <Filter>Header Files</Filter>
    </ClInclude>
    <ClInclude Include="cryptopp\include\config_ver.h">
      <Filter>Header Files</Filter>
    </ClInclude>
    <ClInclude Include="cryptopp\include\cpu.h">
      <Filter>Header Files</Filter>
    </ClInclude>
    <ClInclude Include="cryptopp\include\crc.h">
      <Filter>Header Files</Filter>
    </ClInclude>
    <ClInclude Include="cryptopp\include\cryptlib.h">
      <Filter>Header Files</Filter>
    </ClInclude>
    <ClInclude Include="cryptopp\include\darn.h">
      <Filter>Header Files</Filter>
    </ClInclude>
    <ClInclude Include="cryptopp\include\default.h">
      <Filter>Header Files</Filter>
    </ClInclude>
    <ClInclude Include="cryptopp\include\des.h">
      <Filter>Header Files</Filter>
    </ClInclude>
    <ClInclude Include="cryptopp\include\dh.h">
      <Filter>Header Files</Filter>
    </ClInclude>
    <ClInclude Include="cryptopp\include\dh2.h">
      <Filter>Header Files</Filter>
    </ClInclude>
    <ClInclude Include="cryptopp\include\dll.h">
      <Filter>Header Files</Filter>
    </ClInclude>
    <ClInclude Include="cryptopp\include\dmac.h">
      <Filter>Header Files</Filter>
    </ClInclude>
    <ClInclude Include="cryptopp\include\donna.h">
      <Filter>Header Files</Filter>
    </ClInclude>
    <ClInclude Include="cryptopp\include\donna_32.h">
      <Filter>Header Files</Filter>
    </ClInclude>
    <ClInclude Include="cryptopp\include\donna_64.h">
      <Filter>Header Files</Filter>
    </ClInclude>
    <ClInclude Include="cryptopp\include\donna_sse.h">
      <Filter>Header Files</Filter>
    </ClInclude>
    <ClInclude Include="cryptopp\include\drbg.h">
      <Filter>Header Files</Filter>
    </ClInclude>
    <ClInclude Include="cryptopp\include\dsa.h">
      <Filter>Header Files</Filter>
    </ClInclude>
    <ClInclude Include="cryptopp\include\eax.h">
      <Filter>Header Files</Filter>
    </ClInclude>
    <ClInclude Include="cryptopp\include\ec2n.h">
      <Filter>Header Files</Filter>
    </ClInclude>
    <ClInclude Include="cryptopp\include\eccrypto.h">
      <Filter>Header Files</Filter>
    </ClInclude>
    <ClInclude Include="cryptopp\include\ecp.h">
      <Filter>Header Files</Filter>
    </ClInclude>
    <ClInclude Include="cryptopp\include\ecpoint.h">
      <Filter>Header Files</Filter>
    </ClInclude>
    <ClInclude Include="cryptopp\include\elgamal.h">
      <Filter>Header Files</Filter>
    </ClInclude>
    <ClInclude Include="cryptopp\include\emsa2.h">
      <Filter>Header Files</Filter>
    </ClInclude>
    <ClInclude Include="cryptopp\include\eprecomp.h">
      <Filter>Header Files</Filter>
    </ClInclude>
    <ClInclude Include="cryptopp\include\esign.h">
      <Filter>Header Files</Filter>
    </ClInclude>
    <ClInclude Include="cryptopp\include\factory.h">
      <Filter>Header Files</Filter>
    </ClInclude>
    <ClInclude Include="cryptopp\include\fhmqv.h">
      <Filter>Header Files</Filter>
    </ClInclude>
    <ClInclude Include="cryptopp\include\files.h">
      <Filter>Header Files</Filter>
    </ClInclude>
    <ClInclude Include="cryptopp\include\filters.h">
      <Filter>Header Files</Filter>
    </ClInclude>
    <ClInclude Include="cryptopp\include\fips140.h">
      <Filter>Header Files</Filter>
    </ClInclude>
    <ClInclude Include="cryptopp\include\fltrimpl.h">
      <Filter>Header Files</Filter>
    </ClInclude>
    <ClInclude Include="cryptopp\include\gcm.h">
      <Filter>Header Files</Filter>
    </ClInclude>
    <ClInclude Include="cryptopp\include\gf2_32.h">
      <Filter>Header Files</Filter>
    </ClInclude>
    <ClInclude Include="cryptopp\include\gf2n.h">
      <Filter>Header Files</Filter>
    </ClInclude>
    <ClInclude Include="cryptopp\include\gf256.h">
      <Filter>Header Files</Filter>
    </ClInclude>
    <ClInclude Include="cryptopp\include\gfpcrypt.h">
      <Filter>Header Files</Filter>
    </ClInclude>
    <ClInclude Include="cryptopp\include\gost.h">
      <Filter>Header Files</Filter>
    </ClInclude>
    <ClInclude Include="cryptopp\include\gzip.h">
      <Filter>Header Files</Filter>
    </ClInclude>
    <ClInclude Include="cryptopp\include\hashfwd.h">
      <Filter>Header Files</Filter>
    </ClInclude>
    <ClInclude Include="cryptopp\include\hc128.h">
      <Filter>Header Files</Filter>
    </ClInclude>
    <ClInclude Include="cryptopp\include\hc256.h">
      <Filter>Header Files</Filter>
    </ClInclude>
    <ClInclude Include="cryptopp\include\hex.h">
      <Filter>Header Files</Filter>
    </ClInclude>
    <ClInclude Include="cryptopp\include\hight.h">
      <Filter>Header Files</Filter>
    </ClInclude>
    <ClInclude Include="cryptopp\include\hkdf.h">
      <Filter>Header Files</Filter>
    </ClInclude>
    <ClInclude Include="cryptopp\include\hmac.h">
      <Filter>Header Files</Filter>
    </ClInclude>
    <ClInclude Include="cryptopp\include\hmqv.h">
      <Filter>Header Files</Filter>
    </ClInclude>
    <ClInclude Include="cryptopp\include\hrtimer.h">
      <Filter>Header Files</Filter>
    </ClInclude>
    <ClInclude Include="cryptopp\include\ida.h">
      <Filter>Header Files</Filter>
    </ClInclude>
    <ClInclude Include="cryptopp\include\idea.h">
      <Filter>Header Files</Filter>
    </ClInclude>
    <ClInclude Include="cryptopp\include\integer.h">
      <Filter>Header Files</Filter>
    </ClInclude>
    <ClInclude Include="cryptopp\include\iterhash.h">
      <Filter>Header Files</Filter>
    </ClInclude>
    <ClInclude Include="cryptopp\include\kalyna.h">
      <Filter>Header Files</Filter>
    </ClInclude>
    <ClInclude Include="cryptopp\include\keccak.h">
      <Filter>Header Files</Filter>
    </ClInclude>
    <ClInclude Include="cryptopp\include\lea.h">
      <Filter>Header Files</Filter>
    </ClInclude>
    <ClInclude Include="cryptopp\include\lsh.h">
      <Filter>Header Files</Filter>
    </ClInclude>
    <ClInclude Include="cryptopp\include\lubyrack.h">
      <Filter>Header Files</Filter>
    </ClInclude>
    <ClInclude Include="cryptopp\include\luc.h">
      <Filter>Header Files</Filter>
    </ClInclude>
    <ClInclude Include="cryptopp\include\mars.h">
      <Filter>Header Files</Filter>
    </ClInclude>
    <ClInclude Include="cryptopp\include\md2.h">
      <Filter>Header Files</Filter>
    </ClInclude>
    <ClInclude Include="cryptopp\include\md4.h">
      <Filter>Header Files</Filter>
    </ClInclude>
    <ClInclude Include="cryptopp\include\md5.h">
      <Filter>Header Files</Filter>
    </ClInclude>
    <ClInclude Include="cryptopp\include\mdc.h">
      <Filter>Header Files</Filter>
    </ClInclude>
    <ClInclude Include="cryptopp\include\mersenne.h">
      <Filter>Header Files</Filter>
    </ClInclude>
    <ClInclude Include="cryptopp\include\misc.h">
      <Filter>Header Files</Filter>
    </ClInclude>
    <ClInclude Include="cryptopp\include\modarith.h">
      <Filter>Header Files</Filter>
    </ClInclude>
    <ClInclude Include="cryptopp\include\modes.h">
      <Filter>Header Files</Filter>
    </ClInclude>
    <ClInclude Include="cryptopp\include\modexppc.h">
      <Filter>Header Files</Filter>
    </ClInclude>
    <ClInclude Include="cryptopp\include\mqueue.h">
      <Filter>Header Files</Filter>
    </ClInclude>
    <ClInclude Include="cryptopp\include\mqv.h">
      <Filter>Header Files</Filter>
    </ClInclude>
    <ClInclude Include="cryptopp\include\naclite.h">
      <Filter>Header Files</Filter>
    </ClInclude>
    <ClInclude Include="cryptopp\include\nbtheory.h">
      <Filter>Header Files</Filter>
    </ClInclude>
    <ClInclude Include="cryptopp\include\nr.h">
      <Filter>Header Files</Filter>
    </ClInclude>
    <ClInclude Include="cryptopp\include\oaep.h">
      <Filter>Header Files</Filter>
    </ClInclude>
    <ClInclude Include="cryptopp\include\oids.h">
      <Filter>Header Files</Filter>
    </ClInclude>
    <ClInclude Include="cryptopp\include\osrng.h">
      <Filter>Header Files</Filter>
    </ClInclude>
    <ClInclude Include="cryptopp\include\ossig.h">
      <Filter>Header Files</Filter>
    </ClInclude>
    <ClInclude Include="cryptopp\include\padlkrng.h">
      <Filter>Header Files</Filter>
    </ClInclude>
    <ClInclude Include="cryptopp\include\panama.h">
      <Filter>Header Files</Filter>
    </ClInclude>
    <ClInclude Include="cryptopp\include\pch.h">
      <Filter>Header Files</Filter>
    </ClInclude>
    <ClInclude Include="cryptopp\include\pkcspad.h">
      <Filter>Header Files</Filter>
    </ClInclude>
    <ClInclude Include="cryptopp\include\poly1305.h">
      <Filter>Header Files</Filter>
    </ClInclude>
    <ClInclude Include="cryptopp\include\polynomi.h">
      <Filter>Header Files</Filter>
    </ClInclude>
    <ClInclude Include="cryptopp\include\ppc_simd.h">
      <Filter>Header Files</Filter>
    </ClInclude>
    <ClInclude Include="cryptopp\include\pssr.h">
      <Filter>Header Files</Filter>
    </ClInclude>
    <ClInclude Include="cryptopp\include\pubkey.h">
      <Filter>Header Files</Filter>
    </ClInclude>
    <ClInclude Include="cryptopp\include\pwdbased.h">
      <Filter>Header Files</Filter>
    </ClInclude>
    <ClInclude Include="cryptopp\include\queue.h">
      <Filter>Header Files</Filter>
    </ClInclude>
    <ClInclude Include="cryptopp\include\rabbit.h">
      <Filter>Header Files</Filter>
    </ClInclude>
    <ClInclude Include="cryptopp\include\rabin.h">
      <Filter>Header Files</Filter>
    </ClInclude>
    <ClInclude Include="cryptopp\include\randpool.h">
      <Filter>Header Files</Filter>
    </ClInclude>
    <ClInclude Include="cryptopp\include\rc2.h">
      <Filter>Header Files</Filter>
    </ClInclude>
    <ClInclude Include="cryptopp\include\rc5.h">
      <Filter>Header Files</Filter>
    </ClInclude>
    <ClInclude Include="cryptopp\include\rc6.h">
      <Filter>Header Files</Filter>
    </ClInclude>
    <ClInclude Include="cryptopp\include\rdrand.h">
      <Filter>Header Files</Filter>
    </ClInclude>
    <ClInclude Include="cryptopp\include\resource.h">
      <Filter>Header Files</Filter>
    </ClInclude>
    <ClInclude Include="cryptopp\include\rijndael.h">
      <Filter>Header Files</Filter>
    </ClInclude>
    <ClInclude Include="cryptopp\include\ripemd.h">
      <Filter>Header Files</Filter>
    </ClInclude>
    <ClInclude Include="cryptopp\include\rng.h">
      <Filter>Header Files</Filter>
    </ClInclude>
    <ClInclude Include="cryptopp\include\rsa.h">
      <Filter>Header Files</Filter>
    </ClInclude>
    <ClInclude Include="cryptopp\include\rw.h">
      <Filter>Header Files</Filter>
    </ClInclude>
    <ClInclude Include="cryptopp\include\safer.h">
      <Filter>Header Files</Filter>
    </ClInclude>
    <ClInclude Include="cryptopp\include\salsa.h">
      <Filter>Header Files</Filter>
    </ClInclude>
    <ClInclude Include="cryptopp\include\scrypt.h">
      <Filter>Header Files</Filter>
    </ClInclude>
    <ClInclude Include="cryptopp\include\seal.h">
      <Filter>Header Files</Filter>
    </ClInclude>
    <ClInclude Include="cryptopp\include\secblock.h">
      <Filter>Header Files</Filter>
    </ClInclude>
    <ClInclude Include="cryptopp\include\secblockfwd.h">
      <Filter>Header Files</Filter>
    </ClInclude>
    <ClInclude Include="cryptopp\include\seckey.h">
      <Filter>Header Files</Filter>
    </ClInclude>
    <ClInclude Include="cryptopp\include\seed.h">
      <Filter>Header Files</Filter>
    </ClInclude>
    <ClInclude Include="cryptopp\include\serpent.h">
      <Filter>Header Files</Filter>
    </ClInclude>
    <ClInclude Include="cryptopp\include\serpentp.h">
      <Filter>Header Files</Filter>
    </ClInclude>
    <ClInclude Include="cryptopp\include\sha.h">
      <Filter>Header Files</Filter>
    </ClInclude>
    <ClInclude Include="cryptopp\include\sha1_armv4.h">
      <Filter>Header Files</Filter>
    </ClInclude>
    <ClInclude Include="cryptopp\include\sha3.h">
      <Filter>Header Files</Filter>
    </ClInclude>
    <ClInclude Include="cryptopp\include\sha256_armv4.h">
      <Filter>Header Files</Filter>
    </ClInclude>
    <ClInclude Include="cryptopp\include\sha512_armv4.h">
      <Filter>Header Files</Filter>
    </ClInclude>
    <ClInclude Include="cryptopp\include\shacal2.h">
      <Filter>Header Files</Filter>
    </ClInclude>
    <ClInclude Include="cryptopp\include\shake.h">
      <Filter>Header Files</Filter>
    </ClInclude>
    <ClInclude Include="cryptopp\include\shark.h">
      <Filter>Header Files</Filter>
    </ClInclude>
    <ClInclude Include="cryptopp\include\simeck.h">
      <Filter>Header Files</Filter>
    </ClInclude>
    <ClInclude Include="cryptopp\include\simon.h">
      <Filter>Header Files</Filter>
    </ClInclude>
    <ClInclude Include="cryptopp\include\simple.h">
      <Filter>Header Files</Filter>
    </ClInclude>
    <ClInclude Include="cryptopp\include\siphash.h">
      <Filter>Header Files</Filter>
    </ClInclude>
    <ClInclude Include="cryptopp\include\skipjack.h">
      <Filter>Header Files</Filter>
    </ClInclude>
    <ClInclude Include="cryptopp\include\sm3.h">
      <Filter>Header Files</Filter>
    </ClInclude>
    <ClInclude Include="cryptopp\include\sm4.h">
      <Filter>Header Files</Filter>
    </ClInclude>
    <ClInclude Include="cryptopp\include\smartptr.h">
      <Filter>Header Files</Filter>
    </ClInclude>
    <ClInclude Include="cryptopp\include\sosemanuk.h">
      <Filter>Header Files</Filter>
    </ClInclude>
    <ClInclude Include="cryptopp\include\speck.h">
      <Filter>Header Files</Filter>
    </ClInclude>
    <ClInclude Include="cryptopp\include\square.h">
      <Filter>Header Files</Filter>
    </ClInclude>
    <ClInclude Include="cryptopp\include\stdcpp.h">
      <Filter>Header Files</Filter>
    </ClInclude>
    <ClInclude Include="cryptopp\include\strciphr.h">
      <Filter>Header Files</Filter>
    </ClInclude>
    <ClInclude Include="cryptopp\include\tea.h">
      <Filter>Header Files</Filter>
    </ClInclude>
    <ClInclude Include="cryptopp\include\threefish.h">
      <Filter>Header Files</Filter>
    </ClInclude>
    <ClInclude Include="cryptopp\include\tiger.h">
      <Filter>Header Files</Filter>
    </ClInclude>
    <ClInclude Include="cryptopp\include\trap.h">
      <Filter>Header Files</Filter>
    </ClInclude>
    <ClInclude Include="cryptopp\include\trunhash.h">
      <Filter>Header Files</Filter>
    </ClInclude>
    <ClInclude Include="cryptopp\include\ttmac.h">
      <Filter>Header Files</Filter>
    </ClInclude>
    <ClInclude Include="cryptopp\include\tweetnacl.h">
      <Filter>Header Files</Filter>
    </ClInclude>
    <ClInclude Include="cryptopp\include\twofish.h">
      <Filter>Header Files</Filter>
    </ClInclude>
    <ClInclude Include="cryptopp\include\validate.h">
      <Filter>Header Files</Filter>
    </ClInclude>
    <ClInclude Include="cryptopp\include\vmac.h">
      <Filter>Header Files</Filter>
    </ClInclude>
    <ClInclude Include="cryptopp\include\wake.h">
      <Filter>Header Files</Filter>
    </ClInclude>
    <ClInclude Include="cryptopp\include\whrlpool.h">
      <Filter>Header Files</Filter>
    </ClInclude>
    <ClInclude Include="cryptopp\include\words.h">
      <Filter>Header Files</Filter>
    </ClInclude>
    <ClInclude Include="cryptopp\include\xed25519.h">
      <Filter>Header Files</Filter>
    </ClInclude>
    <ClInclude Include="cryptopp\include\xtr.h">
      <Filter>Header Files</Filter>
    </ClInclude>
    <ClInclude Include="cryptopp\include\xtrcrypt.h">
      <Filter>Header Files</Filter>
    </ClInclude>
    <ClInclude Include="cryptopp\include\xts.h">
      <Filter>Header Files</Filter>
    </ClInclude>
    <ClInclude Include="cryptopp\include\zdeflate.h">
      <Filter>Header Files</Filter>
    </ClInclude>
    <ClInclude Include="cryptopp\include\zinflate.h">
      <Filter>Header Files</Filter>
    </ClInclude>
    <ClInclude Include="cryptopp\include\zlib.h">
      <Filter>Header Files</Filter>
    </ClInclude>
  </ItemGroup>
  <ItemGroup>
    <None Include="proxyNtCalls.asm">
      <Filter>Source Files</Filter>
    </None>
  </ItemGroup>
</Project>